// !$*UTF8*$!
{
	archiveVersion = 1;
	classes = {
	};
	objectVersion = 56;
	objects = {

/* Begin PBXBuildFile section */
		2F06BA852C67FA32001CDA4C /* MNRNode+getComponent.swift in Sources */ = {isa = PBXBuildFile; fileRef = 2F06BA842C67FA32001CDA4C /* MNRNode+getComponent.swift */; };
		2F06BA872C67FA42001CDA4C /* MNRComponent.swift in Sources */ = {isa = PBXBuildFile; fileRef = 2F06BA862C67FA42001CDA4C /* MNRComponent.swift */; };
		2F205F6F2C17833E008C3B7B /* MNRLogger.swift in Sources */ = {isa = PBXBuildFile; fileRef = 2F205F6E2C17833E008C3B7B /* MNRLogger.swift */; };
		2F205F722C178392008C3B7B /* Pepe in Frameworks */ = {isa = PBXBuildFile; productRef = 2F205F712C178392008C3B7B /* Pepe */; };
		2F205F752C178956008C3B7B /* MNRMetalView.swift in Sources */ = {isa = PBXBuildFile; fileRef = 2F205F742C178956008C3B7B /* MNRMetalView.swift */; };
		2F205F772C178B4D008C3B7B /* MNRRenderer.swift in Sources */ = {isa = PBXBuildFile; fileRef = 2F205F762C178B4D008C3B7B /* MNRRenderer.swift */; };
		2F2FA5152C433415007DE801 /* MNRGraphics.swift in Sources */ = {isa = PBXBuildFile; fileRef = 2F2FA5142C433415007DE801 /* MNRGraphics.swift */; };
		2F588C642C28980800821D06 /* MNRVoxel.swift in Sources */ = {isa = PBXBuildFile; fileRef = 2F588C632C28980800821D06 /* MNRVoxel.swift */; };
		2F5B78AC2C66C4FF00C45B5A /* MNRNode.swift in Sources */ = {isa = PBXBuildFile; fileRef = 2F5B78AB2C66C4FF00C45B5A /* MNRNode.swift */; };
		2F5B78B02C66CA3F00C45B5A /* MNRMainScene.swift in Sources */ = {isa = PBXBuildFile; fileRef = 2F5B78AF2C66CA3F00C45B5A /* MNRMainScene.swift */; };
		2F6C83E92C1E57B6002E4D3A /* Vertex.metal in Sources */ = {isa = PBXBuildFile; fileRef = 2F6C83E82C1E57B6002E4D3A /* Vertex.metal */; };
		2F6C83EB2C1E57FC002E4D3A /* Fragment.metal in Sources */ = {isa = PBXBuildFile; fileRef = 2F6C83EA2C1E57FC002E4D3A /* Fragment.metal */; };
		2F7E80BE2C2F6B0E00763D2B /* BridgingHeader.m in Sources */ = {isa = PBXBuildFile; fileRef = 2F7E80BD2C2F6B0E00763D2B /* BridgingHeader.m */; };
		2F7E80C12C2F89E100763D2B /* MNRMath.swift in Sources */ = {isa = PBXBuildFile; fileRef = 2F7E80C02C2F89E100763D2B /* MNRMath.swift */; };
		2FBA17E92C07F5150090439C /* AppDelegate.swift in Sources */ = {isa = PBXBuildFile; fileRef = 2FBA17E82C07F5150090439C /* AppDelegate.swift */; };
		2FBA17EB2C07F5150090439C /* ViewController.swift in Sources */ = {isa = PBXBuildFile; fileRef = 2FBA17EA2C07F5150090439C /* ViewController.swift */; };
		2FBA17ED2C07F5160090439C /* Assets.xcassets in Resources */ = {isa = PBXBuildFile; fileRef = 2FBA17EC2C07F5160090439C /* Assets.xcassets */; };
		2FBA17F02C07F5160090439C /* Main.storyboard in Resources */ = {isa = PBXBuildFile; fileRef = 2FBA17EE2C07F5160090439C /* Main.storyboard */; };
		2FC76DD12C66641E0088034F /* MNRScene.swift in Sources */ = {isa = PBXBuildFile; fileRef = 2FC76DD02C66641E0088034F /* MNRScene.swift */; };
		2FDD3E9D2C3B6CAF00E058E0 /* MNRTextureManager.swift in Sources */ = {isa = PBXBuildFile; fileRef = 2FDD3E9C2C3B6CAF00E058E0 /* MNRTextureManager.swift */; };
		2FEDCBB32C372CCD004EC6CC /* textures.png in Resources */ = {isa = PBXBuildFile; fileRef = 2FEDCBB22C372CCD004EC6CC /* textures.png */; };
/* End PBXBuildFile section */

/* Begin PBXFileReference section */
		2F06BA842C67FA32001CDA4C /* MNRNode+getComponent.swift */ = {isa = PBXFileReference; lastKnownFileType = sourcecode.swift; path = "MNRNode+getComponent.swift"; sourceTree = "<group>"; };
		2F06BA862C67FA42001CDA4C /* MNRComponent.swift */ = {isa = PBXFileReference; lastKnownFileType = sourcecode.swift; path = MNRComponent.swift; sourceTree = "<group>"; };
		2F205F6E2C17833E008C3B7B /* MNRLogger.swift */ = {isa = PBXFileReference; lastKnownFileType = sourcecode.swift; path = MNRLogger.swift; sourceTree = "<group>"; };
		2F205F742C178956008C3B7B /* MNRMetalView.swift */ = {isa = PBXFileReference; lastKnownFileType = sourcecode.swift; path = MNRMetalView.swift; sourceTree = "<group>"; };
		2F205F762C178B4D008C3B7B /* MNRRenderer.swift */ = {isa = PBXFileReference; lastKnownFileType = sourcecode.swift; path = MNRRenderer.swift; sourceTree = "<group>"; };
		2F2FA5142C433415007DE801 /* MNRGraphics.swift */ = {isa = PBXFileReference; lastKnownFileType = sourcecode.swift; path = MNRGraphics.swift; sourceTree = "<group>"; };
		2F588C632C28980800821D06 /* MNRVoxel.swift */ = {isa = PBXFileReference; lastKnownFileType = sourcecode.swift; path = MNRVoxel.swift; sourceTree = "<group>"; };
		2F5B78AB2C66C4FF00C45B5A /* MNRNode.swift */ = {isa = PBXFileReference; lastKnownFileType = sourcecode.swift; path = MNRNode.swift; sourceTree = "<group>"; };
		2F5B78AF2C66CA3F00C45B5A /* MNRMainScene.swift */ = {isa = PBXFileReference; lastKnownFileType = sourcecode.swift; path = MNRMainScene.swift; sourceTree = "<group>"; };
		2F6C83E82C1E57B6002E4D3A /* Vertex.metal */ = {isa = PBXFileReference; lastKnownFileType = sourcecode.metal; path = Vertex.metal; sourceTree = "<group>"; };
		2F6C83EA2C1E57FC002E4D3A /* Fragment.metal */ = {isa = PBXFileReference; lastKnownFileType = sourcecode.metal; path = Fragment.metal; sourceTree = "<group>"; };
		2F7E80BB2C2F68DB00763D2B /* Commons.h */ = {isa = PBXFileReference; lastKnownFileType = sourcecode.c.h; path = Commons.h; sourceTree = "<group>"; };
		2F7E80BD2C2F6B0E00763D2B /* BridgingHeader.m */ = {isa = PBXFileReference; lastKnownFileType = sourcecode.c.objc; path = BridgingHeader.m; sourceTree = "<group>"; };
		2F7E80C02C2F89E100763D2B /* MNRMath.swift */ = {isa = PBXFileReference; lastKnownFileType = sourcecode.swift; path = MNRMath.swift; sourceTree = "<group>"; };
		2FBA17E52C07F5150090439C /* Miner.app */ = {isa = PBXFileReference; explicitFileType = wrapper.application; includeInIndex = 0; path = Miner.app; sourceTree = BUILT_PRODUCTS_DIR; };
		2FBA17E82C07F5150090439C /* AppDelegate.swift */ = {isa = PBXFileReference; lastKnownFileType = sourcecode.swift; path = AppDelegate.swift; sourceTree = "<group>"; };
		2FBA17EA2C07F5150090439C /* ViewController.swift */ = {isa = PBXFileReference; lastKnownFileType = sourcecode.swift; path = ViewController.swift; sourceTree = "<group>"; };
		2FBA17EC2C07F5160090439C /* Assets.xcassets */ = {isa = PBXFileReference; lastKnownFileType = folder.assetcatalog; path = Assets.xcassets; sourceTree = "<group>"; };
		2FBA17EF2C07F5160090439C /* Base */ = {isa = PBXFileReference; lastKnownFileType = file.storyboard; name = Base; path = Base.lproj/Main.storyboard; sourceTree = "<group>"; };
		2FBA17F12C07F5160090439C /* Miner.entitlements */ = {isa = PBXFileReference; lastKnownFileType = text.plist.entitlements; path = Miner.entitlements; sourceTree = "<group>"; };
		2FC76DD02C66641E0088034F /* MNRScene.swift */ = {isa = PBXFileReference; lastKnownFileType = sourcecode.swift; path = MNRScene.swift; sourceTree = "<group>"; };
		2FDD3E9C2C3B6CAF00E058E0 /* MNRTextureManager.swift */ = {isa = PBXFileReference; lastKnownFileType = sourcecode.swift; path = MNRTextureManager.swift; sourceTree = "<group>"; };
		2FEDCBB22C372CCD004EC6CC /* textures.png */ = {isa = PBXFileReference; lastKnownFileType = image.png; path = textures.png; sourceTree = "<group>"; };
/* End PBXFileReference section */

/* Begin PBXFrameworksBuildPhase section */
		2FBA17E22C07F5150090439C /* Frameworks */ = {
			isa = PBXFrameworksBuildPhase;
			buildActionMask = 2147483647;
			files = (
				2F205F722C178392008C3B7B /* Pepe in Frameworks */,
			);
			runOnlyForDeploymentPostprocessing = 0;
		};
/* End PBXFrameworksBuildPhase section */

/* Begin PBXGroup section */
		2F06BA822C67FA23001CDA4C /* ECS */ = {
			isa = PBXGroup;
			children = (
				2F06BA842C67FA32001CDA4C /* MNRNode+getComponent.swift */,
				2F06BA862C67FA42001CDA4C /* MNRComponent.swift */,
			);
			path = ECS;
			sourceTree = "<group>";
		};
		2F2033662C65ACDB00C4DC33 /* Voxel */ = {
			isa = PBXGroup;
			children = (
				2F588C632C28980800821D06 /* MNRVoxel.swift */,
			);
			path = Voxel;
			sourceTree = "<group>";
		};
		2F205F6B2C1782C3008C3B7B /* Core */ = {
			isa = PBXGroup;
			children = (
				2F7E80BF2C2F89CC00763D2B /* Math */,
				2F205F6D2C1782E8008C3B7B /* Logger */,
			);
			path = Core;
			sourceTree = "<group>";
		};
		2F205F6D2C1782E8008C3B7B /* Logger */ = {
			isa = PBXGroup;
			children = (
				2F205F6E2C17833E008C3B7B /* MNRLogger.swift */,
			);
			path = Logger;
			sourceTree = "<group>";
		};
		2F205F732C178940008C3B7B /* Graphics */ = {
			isa = PBXGroup;
			children = (
				2F6C83E52C1E579D002E4D3A /* Shaders */,
				2F205F742C178956008C3B7B /* MNRMetalView.swift */,
				2F205F762C178B4D008C3B7B /* MNRRenderer.swift */,
				2F7E80BB2C2F68DB00763D2B /* Commons.h */,
				2F7E80BD2C2F6B0E00763D2B /* BridgingHeader.m */,
				2FDD3E9C2C3B6CAF00E058E0 /* MNRTextureManager.swift */,
				2F2FA5142C433415007DE801 /* MNRGraphics.swift */,
			);
			path = Graphics;
			sourceTree = "<group>";
		};
		2F588C622C2897FA00821D06 /* Game */ = {
			isa = PBXGroup;
			children = (
				2F06BA822C67FA23001CDA4C /* ECS */,
				2F5B78AA2C66C4F400C45B5A /* Graph */,
				2F2033662C65ACDB00C4DC33 /* Voxel */,
				2F5B78AF2C66CA3F00C45B5A /* MNRMainScene.swift */,
			);
			path = Game;
			sourceTree = "<group>";
		};
		2F5B78AA2C66C4F400C45B5A /* Graph */ = {
			isa = PBXGroup;
			children = (
				2F5B78AB2C66C4FF00C45B5A /* MNRNode.swift */,
				2FC76DD02C66641E0088034F /* MNRScene.swift */,
			);
			path = Graph;
			sourceTree = "<group>";
		};
		2F6C83E52C1E579D002E4D3A /* Shaders */ = {
			isa = PBXGroup;
			children = (
				2F6C83E82C1E57B6002E4D3A /* Vertex.metal */,
				2F6C83EA2C1E57FC002E4D3A /* Fragment.metal */,
			);
			path = Shaders;
			sourceTree = "<group>";
		};
		2F7E80BF2C2F89CC00763D2B /* Math */ = {
			isa = PBXGroup;
			children = (
				2F7E80C02C2F89E100763D2B /* MNRMath.swift */,
			);
			path = Math;
			sourceTree = "<group>";
		};
		2FBA17DC2C07F5150090439C = {
			isa = PBXGroup;
			children = (
				2FBA17E72C07F5150090439C /* Miner */,
				2FBA17E62C07F5150090439C /* Products */,
			);
			sourceTree = "<group>";
		};
		2FBA17E62C07F5150090439C /* Products */ = {
			isa = PBXGroup;
			children = (
				2FBA17E52C07F5150090439C /* Miner.app */,
			);
			name = Products;
			sourceTree = "<group>";
		};
		2FBA17E72C07F5150090439C /* Miner */ = {
			isa = PBXGroup;
			children = (
				2FEDCBB22C372CCD004EC6CC /* textures.png */,
				2F588C622C2897FA00821D06 /* Game */,
				2F205F732C178940008C3B7B /* Graphics */,
				2F205F6B2C1782C3008C3B7B /* Core */,
				2FBA17E82C07F5150090439C /* AppDelegate.swift */,
				2FBA17EA2C07F5150090439C /* ViewController.swift */,
				2FBA17EC2C07F5160090439C /* Assets.xcassets */,
				2FBA17EE2C07F5160090439C /* Main.storyboard */,
				2FBA17F12C07F5160090439C /* Miner.entitlements */,
			);
			path = Miner;
			sourceTree = "<group>";
		};
/* End PBXGroup section */

/* Begin PBXNativeTarget section */
		2FBA17E42C07F5150090439C /* Miner */ = {
			isa = PBXNativeTarget;
			buildConfigurationList = 2FBA17F42C07F5160090439C /* Build configuration list for PBXNativeTarget "Miner" */;
			buildPhases = (
				2FBA17E12C07F5150090439C /* Sources */,
				2FBA17E22C07F5150090439C /* Frameworks */,
				2FBA17E32C07F5150090439C /* Resources */,
			);
			buildRules = (
			);
			dependencies = (
			);
			name = Miner;
			packageProductDependencies = (
				2F205F712C178392008C3B7B /* Pepe */,
			);
			productName = Miner;
			productReference = 2FBA17E52C07F5150090439C /* Miner.app */;
			productType = "com.apple.product-type.application";
		};
/* End PBXNativeTarget section */

/* Begin PBXProject section */
		2FBA17DD2C07F5150090439C /* Project object */ = {
			isa = PBXProject;
			attributes = {
				BuildIndependentTargetsInParallel = 1;
				LastSwiftUpdateCheck = 1500;
				LastUpgradeCheck = 1500;
				TargetAttributes = {
					2FBA17E42C07F5150090439C = {
						CreatedOnToolsVersion = 15.0.1;
						LastSwiftMigration = 1500;
					};
				};
			};
			buildConfigurationList = 2FBA17E02C07F5150090439C /* Build configuration list for PBXProject "Miner" */;
			compatibilityVersion = "Xcode 14.0";
			developmentRegion = en;
			hasScannedForEncodings = 0;
			knownRegions = (
				en,
				Base,
			);
			mainGroup = 2FBA17DC2C07F5150090439C;
			packageReferences = (
				2F205F702C178391008C3B7B /* XCRemoteSwiftPackageReference "Pepe" */,
			);
			productRefGroup = 2FBA17E62C07F5150090439C /* Products */;
			projectDirPath = "";
			projectRoot = "";
			targets = (
				2FBA17E42C07F5150090439C /* Miner */,
			);
		};
/* End PBXProject section */

/* Begin PBXResourcesBuildPhase section */
		2FBA17E32C07F5150090439C /* Resources */ = {
			isa = PBXResourcesBuildPhase;
			buildActionMask = 2147483647;
			files = (
				2FBA17ED2C07F5160090439C /* Assets.xcassets in Resources */,
				2FBA17F02C07F5160090439C /* Main.storyboard in Resources */,
				2FEDCBB32C372CCD004EC6CC /* textures.png in Resources */,
			);
			runOnlyForDeploymentPostprocessing = 0;
		};
/* End PBXResourcesBuildPhase section */

/* Begin PBXSourcesBuildPhase section */
		2FBA17E12C07F5150090439C /* Sources */ = {
			isa = PBXSourcesBuildPhase;
			buildActionMask = 2147483647;
			files = (
				2F205F752C178956008C3B7B /* MNRMetalView.swift in Sources */,
				2F205F772C178B4D008C3B7B /* MNRRenderer.swift in Sources */,
				2F06BA872C67FA42001CDA4C /* MNRComponent.swift in Sources */,
				2F2FA5152C433415007DE801 /* MNRGraphics.swift in Sources */,
				2F7E80BE2C2F6B0E00763D2B /* BridgingHeader.m in Sources */,
				2FDD3E9D2C3B6CAF00E058E0 /* MNRTextureManager.swift in Sources */,
				2FBA17EB2C07F5150090439C /* ViewController.swift in Sources */,
				2F6C83E92C1E57B6002E4D3A /* Vertex.metal in Sources */,
				2F06BA852C67FA32001CDA4C /* MNRNode+getComponent.swift in Sources */,
				2F7E80C12C2F89E100763D2B /* MNRMath.swift in Sources */,
				2F588C642C28980800821D06 /* MNRVoxel.swift in Sources */,
				2F5B78AC2C66C4FF00C45B5A /* MNRNode.swift in Sources */,
				2F205F6F2C17833E008C3B7B /* MNRLogger.swift in Sources */,
				2F5B78B02C66CA3F00C45B5A /* MNRMainScene.swift in Sources */,
				2FC76DD12C66641E0088034F /* MNRScene.swift in Sources */,
				2F6C83EB2C1E57FC002E4D3A /* Fragment.metal in Sources */,
				2FBA17E92C07F5150090439C /* AppDelegate.swift in Sources */,
			);
			runOnlyForDeploymentPostprocessing = 0;
		};
/* End PBXSourcesBuildPhase section */

/* Begin PBXVariantGroup section */
		2FBA17EE2C07F5160090439C /* Main.storyboard */ = {
			isa = PBXVariantGroup;
			children = (
				2FBA17EF2C07F5160090439C /* Base */,
			);
			name = Main.storyboard;
			sourceTree = "<group>";
		};
/* End PBXVariantGroup section */

/* Begin XCBuildConfiguration section */
		2FBA17F22C07F5160090439C /* Debug */ = {
			isa = XCBuildConfiguration;
			buildSettings = {
				ALWAYS_SEARCH_USER_PATHS = NO;
				ASSETCATALOG_COMPILER_GENERATE_SWIFT_ASSET_SYMBOL_EXTENSIONS = YES;
				CLANG_ANALYZER_NONNULL = YES;
				CLANG_ANALYZER_NUMBER_OBJECT_CONVERSION = YES_AGGRESSIVE;
				CLANG_CXX_LANGUAGE_STANDARD = "gnu++20";
				CLANG_ENABLE_MODULES = YES;
				CLANG_ENABLE_OBJC_ARC = YES;
				CLANG_ENABLE_OBJC_WEAK = YES;
				CLANG_WARN_BLOCK_CAPTURE_AUTORELEASING = YES;
				CLANG_WARN_BOOL_CONVERSION = YES;
				CLANG_WARN_COMMA = YES;
				CLANG_WARN_CONSTANT_CONVERSION = YES;
				CLANG_WARN_DEPRECATED_OBJC_IMPLEMENTATIONS = YES;
				CLANG_WARN_DIRECT_OBJC_ISA_USAGE = YES_ERROR;
				CLANG_WARN_DOCUMENTATION_COMMENTS = YES;
				CLANG_WARN_EMPTY_BODY = YES;
				CLANG_WARN_ENUM_CONVERSION = YES;
				CLANG_WARN_INFINITE_RECURSION = YES;
				CLANG_WARN_INT_CONVERSION = YES;
				CLANG_WARN_NON_LITERAL_NULL_CONVERSION = YES;
				CLANG_WARN_OBJC_IMPLICIT_RETAIN_SELF = YES;
				CLANG_WARN_OBJC_LITERAL_CONVERSION = YES;
				CLANG_WARN_OBJC_ROOT_CLASS = YES_ERROR;
				CLANG_WARN_QUOTED_INCLUDE_IN_FRAMEWORK_HEADER = YES;
				CLANG_WARN_RANGE_LOOP_ANALYSIS = YES;
				CLANG_WARN_STRICT_PROTOTYPES = YES;
				CLANG_WARN_SUSPICIOUS_MOVE = YES;
				CLANG_WARN_UNGUARDED_AVAILABILITY = YES_AGGRESSIVE;
				CLANG_WARN_UNREACHABLE_CODE = YES;
				CLANG_WARN__DUPLICATE_METHOD_MATCH = YES;
				COPY_PHASE_STRIP = NO;
				DEBUG_INFORMATION_FORMAT = dwarf;
				ENABLE_STRICT_OBJC_MSGSEND = YES;
				ENABLE_TESTABILITY = YES;
				ENABLE_USER_SCRIPT_SANDBOXING = YES;
				GCC_C_LANGUAGE_STANDARD = gnu17;
				GCC_DYNAMIC_NO_PIC = NO;
				GCC_NO_COMMON_BLOCKS = YES;
				GCC_OPTIMIZATION_LEVEL = 0;
				GCC_PREPROCESSOR_DEFINITIONS = (
					"DEBUG=1",
					"$(inherited)",
				);
				GCC_WARN_64_TO_32_BIT_CONVERSION = YES;
				GCC_WARN_ABOUT_RETURN_TYPE = YES_ERROR;
				GCC_WARN_UNDECLARED_SELECTOR = YES;
				GCC_WARN_UNINITIALIZED_AUTOS = YES_AGGRESSIVE;
				GCC_WARN_UNUSED_FUNCTION = YES;
				GCC_WARN_UNUSED_VARIABLE = YES;
				LOCALIZATION_PREFERS_STRING_CATALOGS = YES;
				MACOSX_DEPLOYMENT_TARGET = 14.0;
				MTL_ENABLE_DEBUG_INFO = INCLUDE_SOURCE;
				MTL_FAST_MATH = YES;
				ONLY_ACTIVE_ARCH = YES;
				SDKROOT = macosx;
				SWIFT_ACTIVE_COMPILATION_CONDITIONS = "DEBUG $(inherited)";
				SWIFT_OPTIMIZATION_LEVEL = "-Onone";
			};
			name = Debug;
		};
		2FBA17F32C07F5160090439C /* Release */ = {
			isa = XCBuildConfiguration;
			buildSettings = {
				ALWAYS_SEARCH_USER_PATHS = NO;
				ASSETCATALOG_COMPILER_GENERATE_SWIFT_ASSET_SYMBOL_EXTENSIONS = YES;
				CLANG_ANALYZER_NONNULL = YES;
				CLANG_ANALYZER_NUMBER_OBJECT_CONVERSION = YES_AGGRESSIVE;
				CLANG_CXX_LANGUAGE_STANDARD = "gnu++20";
				CLANG_ENABLE_MODULES = YES;
				CLANG_ENABLE_OBJC_ARC = YES;
				CLANG_ENABLE_OBJC_WEAK = YES;
				CLANG_WARN_BLOCK_CAPTURE_AUTORELEASING = YES;
				CLANG_WARN_BOOL_CONVERSION = YES;
				CLANG_WARN_COMMA = YES;
				CLANG_WARN_CONSTANT_CONVERSION = YES;
				CLANG_WARN_DEPRECATED_OBJC_IMPLEMENTATIONS = YES;
				CLANG_WARN_DIRECT_OBJC_ISA_USAGE = YES_ERROR;
				CLANG_WARN_DOCUMENTATION_COMMENTS = YES;
				CLANG_WARN_EMPTY_BODY = YES;
				CLANG_WARN_ENUM_CONVERSION = YES;
				CLANG_WARN_INFINITE_RECURSION = YES;
				CLANG_WARN_INT_CONVERSION = YES;
				CLANG_WARN_NON_LITERAL_NULL_CONVERSION = YES;
				CLANG_WARN_OBJC_IMPLICIT_RETAIN_SELF = YES;
				CLANG_WARN_OBJC_LITERAL_CONVERSION = YES;
				CLANG_WARN_OBJC_ROOT_CLASS = YES_ERROR;
				CLANG_WARN_QUOTED_INCLUDE_IN_FRAMEWORK_HEADER = YES;
				CLANG_WARN_RANGE_LOOP_ANALYSIS = YES;
				CLANG_WARN_STRICT_PROTOTYPES = YES;
				CLANG_WARN_SUSPICIOUS_MOVE = YES;
				CLANG_WARN_UNGUARDED_AVAILABILITY = YES_AGGRESSIVE;
				CLANG_WARN_UNREACHABLE_CODE = YES;
				CLANG_WARN__DUPLICATE_METHOD_MATCH = YES;
				COPY_PHASE_STRIP = NO;
				DEBUG_INFORMATION_FORMAT = "dwarf-with-dsym";
				ENABLE_NS_ASSERTIONS = NO;
				ENABLE_STRICT_OBJC_MSGSEND = YES;
				ENABLE_USER_SCRIPT_SANDBOXING = YES;
				GCC_C_LANGUAGE_STANDARD = gnu17;
				GCC_NO_COMMON_BLOCKS = YES;
				GCC_WARN_64_TO_32_BIT_CONVERSION = YES;
				GCC_WARN_ABOUT_RETURN_TYPE = YES_ERROR;
				GCC_WARN_UNDECLARED_SELECTOR = YES;
				GCC_WARN_UNINITIALIZED_AUTOS = YES_AGGRESSIVE;
				GCC_WARN_UNUSED_FUNCTION = YES;
				GCC_WARN_UNUSED_VARIABLE = YES;
				LOCALIZATION_PREFERS_STRING_CATALOGS = YES;
				MACOSX_DEPLOYMENT_TARGET = 14.0;
				MTL_ENABLE_DEBUG_INFO = NO;
				MTL_FAST_MATH = YES;
				SDKROOT = macosx;
				SWIFT_COMPILATION_MODE = wholemodule;
			};
			name = Release;
		};
		2FBA17F52C07F5160090439C /* Debug */ = {
			isa = XCBuildConfiguration;
			buildSettings = {
				ASSETCATALOG_COMPILER_APPICON_NAME = AppIcon;
				ASSETCATALOG_COMPILER_GLOBAL_ACCENT_COLOR_NAME = AccentColor;
				CLANG_ENABLE_MODULES = YES;
				CODE_SIGN_ENTITLEMENTS = Miner/Miner.entitlements;
				CODE_SIGN_STYLE = Automatic;
				COMBINE_HIDPI_IMAGES = YES;
				CURRENT_PROJECT_VERSION = 1;
				DEVELOPMENT_TEAM = 9TP4HMDZ7W;
				ENABLE_HARDENED_RUNTIME = YES;
				GENERATE_INFOPLIST_FILE = YES;
				INFOPLIST_KEY_NSHumanReadableCopyright = "";
				INFOPLIST_KEY_NSMainStoryboardFile = Main;
				INFOPLIST_KEY_NSPrincipalClass = NSApplication;
				LD_RUNPATH_SEARCH_PATHS = (
					"$(inherited)",
					"@executable_path/../Frameworks",
				);
				MARKETING_VERSION = 1.0;
				PRODUCT_BUNDLE_IDENTIFIER = dev.juandahurt.Miner;
				PRODUCT_NAME = "$(TARGET_NAME)";
				SWIFT_EMIT_LOC_STRINGS = YES;
				SWIFT_OBJC_BRIDGING_HEADER = Miner/Graphics/BridgingHeader.m;
				SWIFT_VERSION = 5.0;
			};
			name = Debug;
		};
		2FBA17F62C07F5160090439C /* Release */ = {
			isa = XCBuildConfiguration;
			buildSettings = {
				ASSETCATALOG_COMPILER_APPICON_NAME = AppIcon;
				ASSETCATALOG_COMPILER_GLOBAL_ACCENT_COLOR_NAME = AccentColor;
				CLANG_ENABLE_MODULES = YES;
				CODE_SIGN_ENTITLEMENTS = Miner/Miner.entitlements;
				CODE_SIGN_STYLE = Automatic;
				COMBINE_HIDPI_IMAGES = YES;
				CURRENT_PROJECT_VERSION = 1;
				DEVELOPMENT_TEAM = 9TP4HMDZ7W;
				ENABLE_HARDENED_RUNTIME = YES;
				GENERATE_INFOPLIST_FILE = YES;
				INFOPLIST_KEY_NSHumanReadableCopyright = "";
				INFOPLIST_KEY_NSMainStoryboardFile = Main;
				INFOPLIST_KEY_NSPrincipalClass = NSApplication;
				LD_RUNPATH_SEARCH_PATHS = (
					"$(inherited)",
					"@executable_path/../Frameworks",
				);
				MARKETING_VERSION = 1.0;
				PRODUCT_BUNDLE_IDENTIFIER = dev.juandahurt.Miner;
				PRODUCT_NAME = "$(TARGET_NAME)";
				SWIFT_EMIT_LOC_STRINGS = YES;
				SWIFT_OBJC_BRIDGING_HEADER = Miner/Graphics/BridgingHeader.m;
				SWIFT_VERSION = 5.0;
			};
			name = Release;
		};
/* End XCBuildConfiguration section */

/* Begin XCConfigurationList section */
		2FBA17E02C07F5150090439C /* Build configuration list for PBXProject "Miner" */ = {
			isa = XCConfigurationList;
			buildConfigurations = (
				2FBA17F22C07F5160090439C /* Debug */,
				2FBA17F32C07F5160090439C /* Release */,
			);
			defaultConfigurationIsVisible = 0;
			defaultConfigurationName = Release;
		};
		2FBA17F42C07F5160090439C /* Build configuration list for PBXNativeTarget "Miner" */ = {
			isa = XCConfigurationList;
			buildConfigurations = (
				2FBA17F52C07F5160090439C /* Debug */,
				2FBA17F62C07F5160090439C /* Release */,
			);
			defaultConfigurationIsVisible = 0;
			defaultConfigurationName = Release;
		};
/* End XCConfigurationList section */

/* Begin XCRemoteSwiftPackageReference section */
		2F205F702C178391008C3B7B /* XCRemoteSwiftPackageReference "Pepe" */ = {
			isa = XCRemoteSwiftPackageReference;
			repositoryURL = "https://github.com/juandahurt/Pepe";
			requirement = {
				kind = upToNextMajorVersion;
				minimumVersion = 0.0.2;
			};
		};
/* End XCRemoteSwiftPackageReference section */

/* Begin XCSwiftPackageProductDependency section */
		2F205F712C178392008C3B7B /* Pepe */ = {
			isa = XCSwiftPackageProductDependency;
			package = 2F205F702C178391008C3B7B /* XCRemoteSwiftPackageReference "Pepe" */;
			productName = Pepe;
		};
/* End XCSwiftPackageProductDependency section */
	};
	rootObject = 2FBA17DD2C07F5150090439C /* Project object */;
}
